
Microsoft Visual Studio Solution File, Format Version 12.00
# Visual Studio Version 16
VisualStudioVersion = 16.0.30717.126
MinimumVisualStudioVersion = 10.0.40219.1
Project("{FAE04EC0-301F-11D3-BF4B-00C04F79EFBC}") = "OverloadPhotoFB", "OverloadPhotoFB\OverloadPhotoFB.csproj", "{9E43DB3A-3677-4717-875A-971067933B20}"
EndProject
Global
	GlobalSection(SolutionConfigurationPlatforms) = preSolution
		Debug|Any CPU = Debug|Any CPU
		Release|Any CPU = Release|Any CPU
	EndGlobalSection
	GlobalSection(ProjectConfigurationPlatforms) = postSolution
		{9E43DB3A-3677-4717-875A-971067933B20}.Debug|Any CPU.ActiveCfg = Debug|Any CPU
		{9E43DB3A-3677-4717-875A-971067933B20}.Debug|Any CPU.Build.0 = Debug|Any CPU
		{9E43DB3A-3677-4717-875A-971067933B20}.Release|Any CPU.ActiveCfg = Release|Any CPU
		{9E43DB3A-3677-4717-875A-971067933B20}.Release|Any CPU.Build.0 = Release|Any CPU
	EndGlobalSection
	GlobalSection(SolutionProperties) = preSolution
		HideSolutionNode = FALSE
	EndGlobalSection
	GlobalSection(ExtensibilityGlobals) = postSolution
		SolutionGuid = {449F87FD-1DF6-4947-964C-222DD3F60BF6}
	EndGlobalSection
EndGlobal
